{
  "version": 4,
  "terraform_version": "1.9.3",
  "serial": 20,
  "lineage": "1740a423-95a1-5816-7a8d-80173457ec70",
  "outputs": {
    "aws_ec2_instances": {
      "value": 4,
      "type": "number"
    },
    "devops_op_trainer": {
      "value": "stuggle_is_real",
      "type": "string"
    },
    "tf_batch_students": {
      "value": 50,
      "type": "number"
    }
  },
  "resources": [
    {
      "mode": "managed",
      "type": "local_file",
      "name": "devops",
      "provider": "provider[\"registry.terraform.io/hashicorp/local\"]",
      "instances": [
        {
          "schema_version": 0,
          "attributes": {
            "content": "this is cool kid",
            "content_base64": null,
            "content_base64sha256": "I4/G39epjDtYtbbAUZOnJVqL0f6epcJmv56nblUjaks=",
            "content_base64sha512": "Ar+q1PnlJrwrczaRGSgo9p15FHfwEN7pZKqbiQ1HfIa3sm8lpr55KWA+wyEHxWSnG96aZrBJM0pHvQpR9oaiXQ==",
            "content_md5": "d03198b20943b0b31286f19b0819971b",
            "content_sha1": "7f8ec4821f307c93067f28b630d9a214ffcdc4c8",
            "content_sha256": "238fc6dfd7a98c3b58b5b6c05193a7255a8bd1fe9ea5c266bf9ea76e55236a4b",
            "content_sha512": "02bfaad4f9e526bc2b733691192828f69d791477f010dee964aa9b890d477c86b7b26f25a6be7929603ec32107c564a71bde9a66b049334a47bd0a51f686a25d",
            "directory_permission": "0777",
            "file_permission": "0777",
            "filename": "/home/ubuntu/terraform_works/terraform-course/terraform-variables/file-1.txt",
            "id": "7f8ec4821f307c93067f28b630d9a214ffcdc4c8",
            "sensitive_content": null,
            "source": null
          },
          "sensitive_attributes": [
            [
              {
                "type": "get_attr",
                "value": "sensitive_content"
              }
            ]
          ]
        }
      ]
    },
    {
      "mode": "managed",
      "type": "local_file",
      "name": "devops-var",
      "provider": "provider[\"registry.terraform.io/hashicorp/local\"]",
      "instances": [
        {
          "schema_version": 0,
          "attributes": {
            "content": "this is cool nerd",
            "content_base64": null,
            "content_base64sha256": "BuMzy93VsJB+/LmeFDj8M9Q3XUGs3/ZFH4Zkzys80m4=",
            "content_base64sha512": "uUS7p3NJDi2yaBco0/HBcNpTSDlzT091MOtZA7ggbwnwso7zUiJhr/wwyWY3BhbWPDPKRRhdWnCd0yl6B0DhIA==",
            "content_md5": "326b5087b7f238a3ab4e439cf9a9d4ae",
            "content_sha1": "6d63f47ca0c9ee046f7fb8dcb3bb5ed66d7f2b88",
            "content_sha256": "06e333cbddd5b0907efcb99e1438fc33d4375d41acdff6451f8664cf2b3cd26e",
            "content_sha512": "b944bba773490e2db2681728d3f1c170da534839734f4f7530eb5903b8206f09f0b28ef3522261affc30c966370616d63c33ca45185d5a709dd3297a0740e120",
            "directory_permission": "0777",
            "file_permission": "0777",
            "filename": "/home/ubuntu/terraform_works/terraform-course/terraform-variables/file-2.txt",
            "id": "6d63f47ca0c9ee046f7fb8dcb3bb5ed66d7f2b88",
            "sensitive_content": null,
            "source": null
          },
          "sensitive_attributes": [
            [
              {
                "type": "get_attr",
                "value": "sensitive_content"
              }
            ]
          ]
        }
      ]
    }
  ],
  "check_results": null
}
